{
  "name": "next-saas-rbac",
  "lockfileVersion": 3,
  "requires": true,
  "packages": {
    "": {
      "name": "next-saas-rbac",
      "workspaces": [
        "apps/*",
        "packages/*"
      ],
      "devDependencies": {
        "prettier": "^3.7.4",
        "turbo": "^2.7.6",
        "typescript": "5.9.2"
      },
      "engines": {
        "node": ">=18"
      }
    },
    "apps/docs": {
      "version": "0.1.0",
      "extraneous": true,
      "dependencies": {
        "@saas/ui": "*",
        "next": "16.1.0",
        "react": "^19.2.0",
        "react-dom": "^19.2.0"
      },
      "devDependencies": {
        "@saas/eslint-config": "*",
        "@saas/typescript-config": "*",
        "@types/node": "^22.15.3",
        "@types/react": "19.2.2",
        "@types/react-dom": "19.2.2",
        "eslint": "^9.39.1",
        "typescript": "5.9.2"
      }
    },
    "apps/web": {
      "version": "0.1.0",
      "extraneous": true,
      "dependencies": {
        "@saas/ui": "*",
        "next": "16.1.0",
        "react": "^19.2.0",
        "react-dom": "^19.2.0"
      },
      "devDependencies": {
        "@saas/eslint-config": "*",
        "@saas/typescript-config": "*",
        "@types/node": "^22.15.3",
        "@types/react": "19.2.2",
        "@types/react-dom": "19.2.2",
        "eslint": "^9.39.1",
        "typescript": "5.9.2"
      }
    },
    "node_modules/prettier": {
      "version": "3.8.1",
      "resolved": "https://registry.npmjs.org/prettier/-/prettier-3.8.1.tgz",
      "integrity": "sha512-UOnG6LftzbdaHZcKoPFtOcCKztrQ57WkHDeRD9t/PTQtmT0NHSeWWepj6pS0z/N7+08BHFDQVUrfmfMRcZwbMg==",
      "dev": true,
      "license": "MIT",
      "bin": {
        "prettier": "bin/prettier.cjs"
      },
      "engines": {
        "node": ">=14"
      },
      "funding": {
        "url": "https://github.com/prettier/prettier?sponsor=1"
      }
    },
    "node_modules/turbo": {
      "version": "2.7.6",
      "resolved": "https://registry.npmjs.org/turbo/-/turbo-2.7.6.tgz",
      "integrity": "sha512-PO9AvJLEsNLO+EYhF4zB+v10hOjsJe5kJW+S6tTbRv+TW7gf1Qer4mfjP9h3/y9h8ZiPvOrenxnEgDtFgaM5zw==",
      "dev": true,
      "license": "MIT",
      "peer": true,
      "bin": {
        "turbo": "bin/turbo"
      },
      "optionalDependencies": {
        "turbo-darwin-64": "2.7.6",
        "turbo-darwin-arm64": "2.7.6",
        "turbo-linux-64": "2.7.6",
        "turbo-linux-arm64": "2.7.6",
        "turbo-windows-64": "2.7.6",
        "turbo-windows-arm64": "2.7.6"
      }
    },
    "node_modules/turbo-darwin-64": {
      "version": "2.7.6",
      "resolved": "https://registry.npmjs.org/turbo-darwin-64/-/turbo-darwin-64-2.7.6.tgz",
      "integrity": "sha512-bYu0qnWju2Ha3EbIkPCk1SMLT3sltKh1P/Jy5FER6BmH++H5z+T5MHh3W1Xoers9rk4N1VdKvog9FO1pxQyjhw==",
      "cpu": [
        "x64"
      ],
      "dev": true,
      "license": "MIT",
      "optional": true,
      "os": [
        "darwin"
      ]
    },
    "node_modules/turbo-darwin-arm64": {
      "version": "2.7.6",
      "resolved": "https://registry.npmjs.org/turbo-darwin-arm64/-/turbo-darwin-arm64-2.7.6.tgz",
      "integrity": "sha512-KCxTf3Y1hgNLYIWRLw8bwH8Zie9RyCGoxAlXYsCBI/YNqBSR+ZZK9KYzFxAqDaVaNvTwLFv3rJRGsXOFWg4+Uw==",
      "cpu": [
        "arm64"
      ],
      "dev": true,
      "license": "MIT",
      "optional": true,
      "os": [
        "darwin"
      ]
    },
    "node_modules/turbo-linux-64": {
      "version": "2.7.6",
      "resolved": "https://registry.npmjs.org/turbo-linux-64/-/turbo-linux-64-2.7.6.tgz",
      "integrity": "sha512-vjoU8zIfNgvJR3cMitgw7inEoi6bmuVuFawDl5yKtxjAEhDktFdRBpGS3WojD4l3BklBbIK689ssXcGf21LxRA==",
      "cpu": [
        "x64"
      ],
      "dev": true,
      "license": "MIT",
      "optional": true,
      "os": [
        "linux"
      ]
    },
    "node_modules/turbo-linux-arm64": {
      "version": "2.7.6",
      "resolved": "https://registry.npmjs.org/turbo-linux-arm64/-/turbo-linux-arm64-2.7.6.tgz",
      "integrity": "sha512-TcMpBvTqZf+1DptrVYLbZls7WY1UVNDTGaf0bo7/GCgWYv5eZHCVo4Td7kCJeDU4glbXg67REX0md0S0V6ghMg==",
      "cpu": [
        "arm64"
      ],
      "dev": true,
      "license": "MIT",
      "optional": true,
      "os": [
        "linux"
      ]
    },
    "node_modules/turbo-windows-64": {
      "version": "2.7.6",
      "resolved": "https://registry.npmjs.org/turbo-windows-64/-/turbo-windows-64-2.7.6.tgz",
      "integrity": "sha512-1/MhkYldiihjneY8QnnDMbAkHXn/udTWSVYS94EMlkE9AShozsLTTOT1gDOpX06EfEW5njP09suhMvxbvwuwpQ==",
      "cpu": [
        "x64"
      ],
      "dev": true,
      "license": "MIT",
      "optional": true,
      "os": [
        "win32"
      ]
    },
    "node_modules/turbo-windows-arm64": {
      "version": "2.7.6",
      "resolved": "https://registry.npmjs.org/turbo-windows-arm64/-/turbo-windows-arm64-2.7.6.tgz",
      "integrity": "sha512-0wDVnUJLFAWm4ZzOQFDkbyyUqaszorTGf3Rdc22IRIyJTTLd6ajqdb+cWD89UZ1RKr953+PZR1gqgWQY4PDuhA==",
      "cpu": [
        "arm64"
      ],
      "dev": true,
      "license": "MIT",
      "optional": true,
      "os": [
        "win32"
      ]
    },
    "node_modules/typescript": {
      "version": "5.9.2",
      "resolved": "https://registry.npmjs.org/typescript/-/typescript-5.9.2.tgz",
      "integrity": "sha512-CWBzXQrc/qOkhidw1OzBTQuYRbfyxDXJMVJ1XNwUHGROVmuaeiEm3OslpZ1RV96d7SKKjZKrSJu3+t/xlw3R9A==",
      "dev": true,
      "license": "Apache-2.0",
      "peer": true,
      "bin": {
        "tsc": "bin/tsc",
        "tsserver": "bin/tsserver"
      },
      "engines": {
        "node": ">=14.17"
      }
    },
    "packages/eslint-config": {
      "name": "@saas/eslint-config",
      "version": "0.0.0",
      "extraneous": true,
      "devDependencies": {
        "@eslint/js": "^9.39.1",
        "@next/eslint-plugin-next": "^15.5.0",
        "eslint": "^9.39.1",
        "eslint-config-prettier": "^10.1.1",
        "eslint-plugin-only-warn": "^1.1.0",
        "eslint-plugin-react": "^7.37.5",
        "eslint-plugin-react-hooks": "^5.2.0",
        "eslint-plugin-turbo": "^2.7.1",
        "globals": "^16.5.0",
        "typescript": "^5.9.2",
        "typescript-eslint": "^8.50.0"
      }
    },
    "packages/typescript-config": {
      "name": "@saas/typescript-config",
      "version": "0.0.0",
      "extraneous": true,
      "license": "MIT"
    },
    "packages/ui": {
      "name": "@saas/ui",
      "version": "0.0.0",
      "extraneous": true,
      "dependencies": {
        "react": "^19.2.0",
        "react-dom": "^19.2.0"
      },
      "devDependencies": {
        "@saas/eslint-config": "*",
        "@saas/typescript-config": "*",
        "@types/node": "^22.15.3",
        "@types/react": "19.2.2",
        "@types/react-dom": "19.2.2",
        "eslint": "^9.39.1",
        "typescript": "5.9.2"
      }
    }
  }
}
